
Microsoft Visual Studio Solution File, Format Version 12.00
# Visual Studio 15
VisualStudioVersion = 15.0.28307.779
MinimumVisualStudioVersion = 10.0.40219.1
Project("{9A19103F-16F7-4668-BE54-9A1E7A4F7556}") = "DTO", "DTO\DTO.csproj", "{CA908C97-F72B-45A5-9AD1-FB0D717F9587}"
EndProject
Project("{9A19103F-16F7-4668-BE54-9A1E7A4F7556}") = "Entity", "Entity\Entity.csproj", "{2423B36C-CA89-47E0-B368-93057BDF0221}"
EndProject
Project("{9A19103F-16F7-4668-BE54-9A1E7A4F7556}") = "MVC", "MVC\MVC.csproj", "{2C46D82C-788E-49E7-9222-86440E594EE6}"
EndProject
Global
	GlobalSection(SolutionConfigurationPlatforms) = preSolution
		Debug|Any CPU = Debug|Any CPU
		Release|Any CPU = Release|Any CPU
	EndGlobalSection
	GlobalSection(ProjectConfigurationPlatforms) = postSolution
		{CA908C97-F72B-45A5-9AD1-FB0D717F9587}.Debug|Any CPU.ActiveCfg = Debug|Any CPU
		{CA908C97-F72B-45A5-9AD1-FB0D717F9587}.Debug|Any CPU.Build.0 = Debug|Any CPU
		{CA908C97-F72B-45A5-9AD1-FB0D717F9587}.Release|Any CPU.ActiveCfg = Release|Any CPU
		{CA908C97-F72B-45A5-9AD1-FB0D717F9587}.Release|Any CPU.Build.0 = Release|Any CPU
		{2423B36C-CA89-47E0-B368-93057BDF0221}.Debug|Any CPU.ActiveCfg = Debug|Any CPU
		{2423B36C-CA89-47E0-B368-93057BDF0221}.Debug|Any CPU.Build.0 = Debug|Any CPU
		{2423B36C-CA89-47E0-B368-93057BDF0221}.Release|Any CPU.ActiveCfg = Release|Any CPU
		{2423B36C-CA89-47E0-B368-93057BDF0221}.Release|Any CPU.Build.0 = Release|Any CPU
		{2C46D82C-788E-49E7-9222-86440E594EE6}.Debug|Any CPU.ActiveCfg = Debug|Any CPU
		{2C46D82C-788E-49E7-9222-86440E594EE6}.Debug|Any CPU.Build.0 = Debug|Any CPU
		{2C46D82C-788E-49E7-9222-86440E594EE6}.Release|Any CPU.ActiveCfg = Release|Any CPU
		{2C46D82C-788E-49E7-9222-86440E594EE6}.Release|Any CPU.Build.0 = Release|Any CPU
	EndGlobalSection
	GlobalSection(SolutionProperties) = preSolution
		HideSolutionNode = FALSE
	EndGlobalSection
	GlobalSection(ExtensibilityGlobals) = postSolution
		SolutionGuid = {29FF367C-66EE-45EC-8480-09D2261FBB4B}
	EndGlobalSection
EndGlobal
